# THIS IS AN AUTOGENERATED FILE. DO NOT EDIT THIS FILE DIRECTLY.
# yarn lockfile v1


before-after-hook@^1.4.0:
  version "1.4.0"
  resolved "https://registry.npmjs.org/before-after-hook/-/before-after-hook-1.4.0.tgz#2b6bf23dca4f32e628fd2747c10a37c74a4b484d"
  integrity sha512-l5r9ir56nda3qu14nAXIlyq1MmUSs0meCIaFAh8HwkFwP1F8eToOuS3ah2VAHHcY04jaYD7FpJC5JTXHYRbkzg==

bitbucket-api@^0.1.0:
  version "0.1.0"
  resolved "https://registry.npmjs.org/bitbucket-api/-/bitbucket-api-0.1.0.tgz#602cb481447dea236c522c9cfa6cee8bfebb4007"
  integrity sha1-YCy0gUR96iNsUiyc+mzui/67QAc=

bitbucket@^1.15.1:
  version "1.15.1"
  resolved "https://registry.npmjs.org/bitbucket/-/bitbucket-1.15.1.tgz#c3cf7725174c41fd5edcb45ec07617252fd5711f"
  integrity sha512-B8DhXajgcIVW+IqcO7UXpj/G0TBj2ybOXi0Wz9jmLPF9MSJEDULS6lRvplQgI9DKigDL8uZw5Q8uYYshWeNQ2A==
  dependencies:
    before-after-hook "^1.4.0"
    btoa-lite "^1.0.0"
    debug "^3.1.0"
    is-plain-object "^2.0.4"
    node-fetch "^2.1.2"
    url-template "^2.0.8"

btoa-lite@^1.0.0:
  version "1.0.0"
  resolved "https://registry.npmjs.org/btoa-lite/-/btoa-lite-1.0.0.tgz#337766da15801210fdd956c22e9c6891ab9d0337"
  integrity sha1-M3dm2hWAEhD92VbCLpxokaudAzc=

debug@^3.1.0:
  version "3.2.6"
  resolved "https://registry.npmjs.org/debug/-/debug-3.2.6.tgz#e83d17de16d8a7efb7717edbe5fb10135eee629b"
  integrity sha512-mel+jf7nrtEl5Pn1Qx46zARXKDpBbvzezse7p7LqINmdoIk8PYP5SySaxEmYv6TZ0JyEKA1hsCId6DIhgITtWQ==
  dependencies:
    ms "^2.1.1"

is-plain-object@^2.0.4:
  version "2.0.4"
  resolved "https://registry.npmjs.org/is-plain-object/-/is-plain-object-2.0.4.tgz#2c163b3fafb1b606d9d17928f05c2a1c38e07677"
  integrity sha512-h5PpgXkWitc38BBMYawTYMWJHFZJVnBquFE57xFpjB8pJFiF6gZ+bU+WyI/yqXiFR5mdLsgYNaPe8uao6Uv9Og==
  dependencies:
    isobject "^3.0.1"

isobject@^3.0.1:
  version "3.0.1"
  resolved "https://registry.npmjs.org/isobject/-/isobject-3.0.1.tgz#4e431e92b11a9731636aa1f9c8d1ccbcfdab78df"
  integrity sha1-TkMekrEalzFjaqH5yNHMvP2reN8=

ms@^2.1.1:
  version "2.1.2"
  resolved "https://registry.npmjs.org/ms/-/ms-2.1.2.tgz#d09d1f357b443f493382a8eb3ccd183872ae6009"
  integrity sha512-sGkPx+VjMtmA6MX27oA4FBFELFCZZ4S4XqeGOXCv68tT+jb3vk/RyaKWP0PTKyWtmLSM0b+adUTEvbs1PEaH2w==

node-fetch@^2.1.2:
  version "2.6.1"
  resolved "https://registry.yarnpkg.com/node-fetch/-/node-fetch-2.6.1.tgz#045bd323631f76ed2e2b55573394416b639a0052"
  integrity sha512-V4aYg89jEoVRxRb2fJdAg8FHvI7cEyYdVAh94HH0UIK8oJxUfkjlDQN9RbMx+bEjP7+ggMiFRprSti032Oipxw==

url-template@^2.0.8:
  version "2.0.8"
  resolved "https://registry.npmjs.org/url-template/-/url-template-2.0.8.tgz#fc565a3cccbff7730c775f5641f9555791439f21"
  integrity sha1-/FZaPMy/93MMd19WQflVV5FDnyE=
